
Microsoft Visual Studio Solution File, Format Version 12.00
Project("{FAE04EC0-301F-11D3-BF4B-00C04F79EFBC}") = "CallbackServerPromoCodes", "CallbackServerPromoCodes\CallbackServerPromoCodes.csproj", "{88B4598C-629B-4A42-9FC4-148C31A0FD56}"
EndProject
Project("{2150E333-8FDC-42A3-9474-1A3956D46DE8}") = "Solution Items", "Solution Items", "{6034B9CB-2112-43B5-B358-E66A546AE338}"
	ProjectSection(SolutionItems) = preProject
		docker-compose.yml = docker-compose.yml
	EndProjectSection
EndProject
Project("{FAE04EC0-301F-11D3-BF4B-00C04F79EFBC}") = "CallBackServerTests", "CallBackServerTests\CallBackServerTests.csproj", "{E17A853D-79E0-40FD-935E-DF126F84F09C}"
EndProject
Global
	GlobalSection(SolutionConfigurationPlatforms) = preSolution
		Debug|Any CPU = Debug|Any CPU
		Release|Any CPU = Release|Any CPU
	EndGlobalSection
	GlobalSection(ProjectConfigurationPlatforms) = postSolution
		{88B4598C-629B-4A42-9FC4-148C31A0FD56}.Debug|Any CPU.ActiveCfg = Debug|Any CPU
		{88B4598C-629B-4A42-9FC4-148C31A0FD56}.Debug|Any CPU.Build.0 = Debug|Any CPU
		{88B4598C-629B-4A42-9FC4-148C31A0FD56}.Release|Any CPU.ActiveCfg = Release|Any CPU
		{88B4598C-629B-4A42-9FC4-148C31A0FD56}.Release|Any CPU.Build.0 = Release|Any CPU
		{E17A853D-79E0-40FD-935E-DF126F84F09C}.Debug|Any CPU.ActiveCfg = Debug|Any CPU
		{E17A853D-79E0-40FD-935E-DF126F84F09C}.Debug|Any CPU.Build.0 = Debug|Any CPU
		{E17A853D-79E0-40FD-935E-DF126F84F09C}.Release|Any CPU.ActiveCfg = Release|Any CPU
		{E17A853D-79E0-40FD-935E-DF126F84F09C}.Release|Any CPU.Build.0 = Release|Any CPU
	EndGlobalSection
EndGlobal
